
Microsoft Visual Studio Solution File, Format Version 12.00
Project("{FAE04EC0-301F-11D3-BF4B-00C04F79EFBC}") = "Recruitment.WebApp.UseCases", "Recruitment.WebApp.UseCases\Recruitment.WebApp.UseCases.csproj", "{7E08DCD1-25E1-436B-B6D4-C30ED4F93FF0}"
EndProject
Project("{FAE04EC0-301F-11D3-BF4B-00C04F79EFBC}") = "Recruitment.Shared.Core", "Recruitment.Shared.Core\Recruitment.Shared.Core.csproj", "{3262EBED-BC90-4DF6-A600-F5BE1DD5C6D5}"
EndProject
Project("{FAE04EC0-301F-11D3-BF4B-00C04F79EFBC}") = "Recruitment.WebApp.Services", "Recruitment.WebApp.Services\Recruitment.WebApp.Services.csproj", "{B5889785-462F-432C-A711-E0006EEB8918}"
EndProject
Project("{2150E333-8FDC-42A3-9474-1A3956D46DE8}") = "WebApp", "WebApp", "{C0866E07-8484-4477-9776-09F54A0D20DF}"
EndProject
Project("{2150E333-8FDC-42A3-9474-1A3956D46DE8}") = "Shared", "Shared", "{1F99F94C-1BAB-4BBA-9DFA-C916F510BB46}"
EndProject
Project("{FAE04EC0-301F-11D3-BF4B-00C04F79EFBC}") = "Recruitment.Api", "Recruitment.Api\Recruitment.Api.csproj", "{2D5BC839-C652-49C2-9A96-A5D17519B370}"
EndProject
Project("{2150E333-8FDC-42A3-9474-1A3956D46DE8}") = "Api", "Api", "{FB81EBCE-8F5E-4EAE-9EF2-3D4B9B18E4F7}"
EndProject
Project("{FAE04EC0-301F-11D3-BF4B-00C04F79EFBC}") = "Recruitment.Api.Abstractions", "Recruitment.Api.Abstractions\Recruitment.Api.Abstractions.csproj", "{C57564C5-6F08-4317-BB0D-D5E61D5F3D78}"
EndProject
Project("{FAE04EC0-301F-11D3-BF4B-00C04F79EFBC}") = "Recruitment.Api.Services", "Recruitment.Api.Services\Recruitment.Api.Services.csproj", "{8C29C7CA-108F-437D-A086-2D6D6E9718CF}"
EndProject
Project("{FAE04EC0-301F-11D3-BF4B-00C04F79EFBC}") = "Recruitment.Api.Core", "Recruitment.Api.Core\Recruitment.Api.Core.csproj", "{D09305BA-522A-4B43-A6D3-2904D7DA9681}"
EndProject
Project("{FAE04EC0-301F-11D3-BF4B-00C04F79EFBC}") = "Recruitment.Api.EntityFramework.MSSQL", "Recruitment.Api.EntityFramework.MSSQL\Recruitment.Api.EntityFramework.MSSQL.csproj", "{2827E0B4-F46F-48FD-AA26-F74BA63B7585}"
EndProject
Project("{FAE04EC0-301F-11D3-BF4B-00C04F79EFBC}") = "Recruitment.WebApp", "Recruitment.WebApp\Recruitment.WebApp.csproj", "{BF69D992-538D-401D-A02F-A862697F8DA7}"
EndProject
Global
	GlobalSection(SolutionConfigurationPlatforms) = preSolution
		Debug|Any CPU = Debug|Any CPU
		Release|Any CPU = Release|Any CPU
	EndGlobalSection
	GlobalSection(ProjectConfigurationPlatforms) = postSolution
		{7E08DCD1-25E1-436B-B6D4-C30ED4F93FF0}.Debug|Any CPU.ActiveCfg = Debug|Any CPU
		{7E08DCD1-25E1-436B-B6D4-C30ED4F93FF0}.Debug|Any CPU.Build.0 = Debug|Any CPU
		{7E08DCD1-25E1-436B-B6D4-C30ED4F93FF0}.Release|Any CPU.ActiveCfg = Release|Any CPU
		{7E08DCD1-25E1-436B-B6D4-C30ED4F93FF0}.Release|Any CPU.Build.0 = Release|Any CPU
		{3262EBED-BC90-4DF6-A600-F5BE1DD5C6D5}.Debug|Any CPU.ActiveCfg = Debug|Any CPU
		{3262EBED-BC90-4DF6-A600-F5BE1DD5C6D5}.Debug|Any CPU.Build.0 = Debug|Any CPU
		{3262EBED-BC90-4DF6-A600-F5BE1DD5C6D5}.Release|Any CPU.ActiveCfg = Release|Any CPU
		{3262EBED-BC90-4DF6-A600-F5BE1DD5C6D5}.Release|Any CPU.Build.0 = Release|Any CPU
		{B5889785-462F-432C-A711-E0006EEB8918}.Debug|Any CPU.ActiveCfg = Debug|Any CPU
		{B5889785-462F-432C-A711-E0006EEB8918}.Debug|Any CPU.Build.0 = Debug|Any CPU
		{B5889785-462F-432C-A711-E0006EEB8918}.Release|Any CPU.ActiveCfg = Release|Any CPU
		{B5889785-462F-432C-A711-E0006EEB8918}.Release|Any CPU.Build.0 = Release|Any CPU
		{2D5BC839-C652-49C2-9A96-A5D17519B370}.Debug|Any CPU.ActiveCfg = Debug|Any CPU
		{2D5BC839-C652-49C2-9A96-A5D17519B370}.Debug|Any CPU.Build.0 = Debug|Any CPU
		{2D5BC839-C652-49C2-9A96-A5D17519B370}.Release|Any CPU.ActiveCfg = Release|Any CPU
		{2D5BC839-C652-49C2-9A96-A5D17519B370}.Release|Any CPU.Build.0 = Release|Any CPU
		{C57564C5-6F08-4317-BB0D-D5E61D5F3D78}.Debug|Any CPU.ActiveCfg = Debug|Any CPU
		{C57564C5-6F08-4317-BB0D-D5E61D5F3D78}.Debug|Any CPU.Build.0 = Debug|Any CPU
		{C57564C5-6F08-4317-BB0D-D5E61D5F3D78}.Release|Any CPU.ActiveCfg = Release|Any CPU
		{C57564C5-6F08-4317-BB0D-D5E61D5F3D78}.Release|Any CPU.Build.0 = Release|Any CPU
		{8C29C7CA-108F-437D-A086-2D6D6E9718CF}.Debug|Any CPU.ActiveCfg = Debug|Any CPU
		{8C29C7CA-108F-437D-A086-2D6D6E9718CF}.Debug|Any CPU.Build.0 = Debug|Any CPU
		{8C29C7CA-108F-437D-A086-2D6D6E9718CF}.Release|Any CPU.ActiveCfg = Release|Any CPU
		{8C29C7CA-108F-437D-A086-2D6D6E9718CF}.Release|Any CPU.Build.0 = Release|Any CPU
		{D09305BA-522A-4B43-A6D3-2904D7DA9681}.Debug|Any CPU.ActiveCfg = Debug|Any CPU
		{D09305BA-522A-4B43-A6D3-2904D7DA9681}.Debug|Any CPU.Build.0 = Debug|Any CPU
		{D09305BA-522A-4B43-A6D3-2904D7DA9681}.Release|Any CPU.ActiveCfg = Release|Any CPU
		{D09305BA-522A-4B43-A6D3-2904D7DA9681}.Release|Any CPU.Build.0 = Release|Any CPU
		{2827E0B4-F46F-48FD-AA26-F74BA63B7585}.Debug|Any CPU.ActiveCfg = Debug|Any CPU
		{2827E0B4-F46F-48FD-AA26-F74BA63B7585}.Debug|Any CPU.Build.0 = Debug|Any CPU
		{2827E0B4-F46F-48FD-AA26-F74BA63B7585}.Release|Any CPU.ActiveCfg = Release|Any CPU
		{2827E0B4-F46F-48FD-AA26-F74BA63B7585}.Release|Any CPU.Build.0 = Release|Any CPU
		{BF69D992-538D-401D-A02F-A862697F8DA7}.Debug|Any CPU.ActiveCfg = Debug|Any CPU
		{BF69D992-538D-401D-A02F-A862697F8DA7}.Debug|Any CPU.Build.0 = Debug|Any CPU
		{BF69D992-538D-401D-A02F-A862697F8DA7}.Release|Any CPU.ActiveCfg = Release|Any CPU
		{BF69D992-538D-401D-A02F-A862697F8DA7}.Release|Any CPU.Build.0 = Release|Any CPU
	EndGlobalSection
	GlobalSection(NestedProjects) = preSolution
		{B5889785-462F-432C-A711-E0006EEB8918} = {C0866E07-8484-4477-9776-09F54A0D20DF}
		{7E08DCD1-25E1-436B-B6D4-C30ED4F93FF0} = {C0866E07-8484-4477-9776-09F54A0D20DF}
		{3262EBED-BC90-4DF6-A600-F5BE1DD5C6D5} = {1F99F94C-1BAB-4BBA-9DFA-C916F510BB46}
		{2D5BC839-C652-49C2-9A96-A5D17519B370} = {FB81EBCE-8F5E-4EAE-9EF2-3D4B9B18E4F7}
		{C57564C5-6F08-4317-BB0D-D5E61D5F3D78} = {FB81EBCE-8F5E-4EAE-9EF2-3D4B9B18E4F7}
		{8C29C7CA-108F-437D-A086-2D6D6E9718CF} = {FB81EBCE-8F5E-4EAE-9EF2-3D4B9B18E4F7}
		{D09305BA-522A-4B43-A6D3-2904D7DA9681} = {FB81EBCE-8F5E-4EAE-9EF2-3D4B9B18E4F7}
		{2827E0B4-F46F-48FD-AA26-F74BA63B7585} = {FB81EBCE-8F5E-4EAE-9EF2-3D4B9B18E4F7}
		{BF69D992-538D-401D-A02F-A862697F8DA7} = {C0866E07-8484-4477-9776-09F54A0D20DF}
	EndGlobalSection
EndGlobal
